# This file is automatically @generated by Cargo.
# It is not intended for manual editing.
version = 4

[[package]]
name = "sw-ibm1130-isa"
version = "0.1.0"
dependencies = [
 "sw-isa-core",
]

[[package]]
name = "sw-ibm1130-target"
version = "0.1.0"
dependencies = [
 "sw-ibm1130-isa",
 "sw-isa-core",
 "sw-target-core",
]

[[package]]
name = "sw-isa-core"
version = "0.1.0"

[[package]]
name = "sw-target-core"
version = "0.1.0"
dependencies = [
 "sw-isa-core",
]
